
Microsoft Visual Studio Solution File, Format Version 12.00
Project("{FAE04EC0-301F-11D3-BF4B-00C04F79EFBC}") = "PolicyTestingSample", "PolicyTestingSample\PolicyTestingSample.csproj", "{95A11172-74AC-4F93-A197-9A535109629F}"
EndProject
Global
	GlobalSection(SolutionConfigurationPlatforms) = preSolution
		Debug|Any CPU = Debug|Any CPU
		Release|Any CPU = Release|Any CPU
	EndGlobalSection
	GlobalSection(ProjectConfigurationPlatforms) = postSolution
		{95A11172-74AC-4F93-A197-9A535109629F}.Debug|Any CPU.ActiveCfg = Debug|Any CPU
		{95A11172-74AC-4F93-A197-9A535109629F}.Debug|Any CPU.Build.0 = Debug|Any CPU
		{95A11172-74AC-4F93-A197-9A535109629F}.Release|Any CPU.ActiveCfg = Release|Any CPU
		{95A11172-74AC-4F93-A197-9A535109629F}.Release|Any CPU.Build.0 = Release|Any CPU
	EndGlobalSection
EndGlobal
