
Microsoft Visual Studio Solution File, Format Version 12.00
# Visual Studio Version 17
VisualStudioVersion = 17.7.34031.279
MinimumVisualStudioVersion = 10.0.40219.1
Project("{FAE04EC0-301F-11D3-BF4B-00C04F79EFBC}") = "ProtectedWeb", "ProtectedWeb\ProtectedWeb.csproj", "{28B82F0E-29C3-4847-9DA8-4A0F9923547E}"
EndProject
Global
	GlobalSection(SolutionConfigurationPlatforms) = preSolution
		Debug|Any CPU = Debug|Any CPU
		Release|Any CPU = Release|Any CPU
	EndGlobalSection
	GlobalSection(ProjectConfigurationPlatforms) = postSolution
		{28B82F0E-29C3-4847-9DA8-4A0F9923547E}.Debug|Any CPU.ActiveCfg = Debug|Any CPU
		{28B82F0E-29C3-4847-9DA8-4A0F9923547E}.Debug|Any CPU.Build.0 = Debug|Any CPU
		{28B82F0E-29C3-4847-9DA8-4A0F9923547E}.Release|Any CPU.ActiveCfg = Release|Any CPU
		{28B82F0E-29C3-4847-9DA8-4A0F9923547E}.Release|Any CPU.Build.0 = Release|Any CPU
	EndGlobalSection
	GlobalSection(SolutionProperties) = preSolution
		HideSolutionNode = FALSE
	EndGlobalSection
	GlobalSection(ExtensibilityGlobals) = postSolution
		SolutionGuid = {7C73CCA3-2A7D-42ED-BE53-754691001F71}
	EndGlobalSection
EndGlobal
