
Microsoft Visual Studio Solution File, Format Version 12.00
Project("{FAE04EC0-301F-11D3-BF4B-00C04F79EFBC}") = "Filtering", "Filtering\Filtering.csproj", "{F55D4A1A-020E-455B-8632-11A2709FAFDF}"
EndProject
Global
	GlobalSection(SolutionConfigurationPlatforms) = preSolution
		Debug|Any CPU = Debug|Any CPU
		Release|Any CPU = Release|Any CPU
	EndGlobalSection
	GlobalSection(ProjectConfigurationPlatforms) = postSolution
		{F55D4A1A-020E-455B-8632-11A2709FAFDF}.Debug|Any CPU.ActiveCfg = Debug|Any CPU
		{F55D4A1A-020E-455B-8632-11A2709FAFDF}.Debug|Any CPU.Build.0 = Debug|Any CPU
		{F55D4A1A-020E-455B-8632-11A2709FAFDF}.Release|Any CPU.ActiveCfg = Release|Any CPU
		{F55D4A1A-020E-455B-8632-11A2709FAFDF}.Release|Any CPU.Build.0 = Release|Any CPU
	EndGlobalSection
EndGlobal
