
Microsoft Visual Studio Solution File, Format Version 12.00
Project("{FAE04EC0-301F-11D3-BF4B-00C04F79EFBC}") = "WebApiTutorial", "WebApiTutorial\WebApiTutorial.csproj", "{C554EAF8-6E5E-4C8E-A2EB-BEB097A6DE01}"
EndProject
Global
	GlobalSection(SolutionConfigurationPlatforms) = preSolution
		Debug|Any CPU = Debug|Any CPU
		Release|Any CPU = Release|Any CPU
	EndGlobalSection
	GlobalSection(ProjectConfigurationPlatforms) = postSolution
		{C554EAF8-6E5E-4C8E-A2EB-BEB097A6DE01}.Debug|Any CPU.ActiveCfg = Debug|Any CPU
		{C554EAF8-6E5E-4C8E-A2EB-BEB097A6DE01}.Debug|Any CPU.Build.0 = Debug|Any CPU
		{C554EAF8-6E5E-4C8E-A2EB-BEB097A6DE01}.Release|Any CPU.ActiveCfg = Release|Any CPU
		{C554EAF8-6E5E-4C8E-A2EB-BEB097A6DE01}.Release|Any CPU.Build.0 = Release|Any CPU
	EndGlobalSection
EndGlobal
